
Microsoft Visual Studio Solution File, Format Version 12.00
# Visual Studio Version 17
VisualStudioVersion = 17.14.36915.13 d17.14
MinimumVisualStudioVersion = 10.0.40219.1
Project("{FAE04EC0-301F-11D3-BF4B-00C04F79EFBC}") = "realword", "realword.csproj", "{5500B19B-D4ED-460D-8186-DFF2A2781B3B}"
EndProject
Global
	GlobalSection(SolutionConfigurationPlatforms) = preSolution
		Debug|Any CPU = Debug|Any CPU
		Release|Any CPU = Release|Any CPU
	EndGlobalSection
	GlobalSection(ProjectConfigurationPlatforms) = postSolution
		{5500B19B-D4ED-460D-8186-DFF2A2781B3B}.Debug|Any CPU.ActiveCfg = Debug|Any CPU
		{5500B19B-D4ED-460D-8186-DFF2A2781B3B}.Debug|Any CPU.Build.0 = Debug|Any CPU
		{5500B19B-D4ED-460D-8186-DFF2A2781B3B}.Release|Any CPU.ActiveCfg = Release|Any CPU
		{5500B19B-D4ED-460D-8186-DFF2A2781B3B}.Release|Any CPU.Build.0 = Release|Any CPU
	EndGlobalSection
	GlobalSection(SolutionProperties) = preSolution
		HideSolutionNode = FALSE
	EndGlobalSection
	GlobalSection(ExtensibilityGlobals) = postSolution
		SolutionGuid = {0663D297-4114-474E-AC6D-F6D5B91DDE24}
	EndGlobalSection
EndGlobal
